
Microsoft Visual Studio Solution File, Format Version 12.00
# Visual Studio 2012
Project("{FAE04EC0-301F-11D3-BF4B-00C04F79EFBC}") = "Hmac", "Hmac\Hmac.csproj", "{5EA04F49-7526-495F-A2E4-82AD917FC2A3}"
EndProject
Project("{FAE04EC0-301F-11D3-BF4B-00C04F79EFBC}") = "Hmac.Web", "Hmac.Web\Hmac.Web.csproj", "{B56BBEFA-33FB-476A-8372-15D8F46E14F7}"
EndProject
Global
	GlobalSection(SolutionConfigurationPlatforms) = preSolution
		Debug|Any CPU = Debug|Any CPU
		Release|Any CPU = Release|Any CPU
	EndGlobalSection
	GlobalSection(ProjectConfigurationPlatforms) = postSolution
		{5EA04F49-7526-495F-A2E4-82AD917FC2A3}.Debug|Any CPU.ActiveCfg = Debug|Any CPU
		{5EA04F49-7526-495F-A2E4-82AD917FC2A3}.Debug|Any CPU.Build.0 = Debug|Any CPU
		{5EA04F49-7526-495F-A2E4-82AD917FC2A3}.Release|Any CPU.ActiveCfg = Release|Any CPU
		{5EA04F49-7526-495F-A2E4-82AD917FC2A3}.Release|Any CPU.Build.0 = Release|Any CPU
		{B56BBEFA-33FB-476A-8372-15D8F46E14F7}.Debug|Any CPU.ActiveCfg = Debug|Any CPU
		{B56BBEFA-33FB-476A-8372-15D8F46E14F7}.Debug|Any CPU.Build.0 = Debug|Any CPU
		{B56BBEFA-33FB-476A-8372-15D8F46E14F7}.Release|Any CPU.ActiveCfg = Release|Any CPU
		{B56BBEFA-33FB-476A-8372-15D8F46E14F7}.Release|Any CPU.Build.0 = Release|Any CPU
	EndGlobalSection
	GlobalSection(SolutionProperties) = preSolution
		HideSolutionNode = FALSE
	EndGlobalSection
EndGlobal
